
Microsoft Visual Studio Solution File, Format Version 12.00
# Visual Studio 15
VisualStudioVersion = 15.0.28307.168
MinimumVisualStudioVersion = 10.0.40219.1
Project("{FAE04EC0-301F-11D3-BF4B-00C04F79EFBC}") = "Storage", "Storage\Storage.csproj", "{CFF800CB-5807-4819-A355-300B42E75274}"
EndProject
Project("{FAE04EC0-301F-11D3-BF4B-00C04F79EFBC}") = "Storage.Models", "Storage.Models\Storage.Models.csproj", "{3B3B918E-E943-4589-B5B6-E496F6092DD3}"
EndProject
Project("{FAE04EC0-301F-11D3-BF4B-00C04F79EFBC}") = "StorageBusiness.Logic", "StorageBusiness.Logic\StorageBusiness.Logic.csproj", "{A9FACC3F-2B9A-4F3C-B80C-D2A7802C7B22}"
EndProject
Global
	GlobalSection(SolutionConfigurationPlatforms) = preSolution
		Debug|Any CPU = Debug|Any CPU
		Release|Any CPU = Release|Any CPU
	EndGlobalSection
	GlobalSection(ProjectConfigurationPlatforms) = postSolution
		{CFF800CB-5807-4819-A355-300B42E75274}.Debug|Any CPU.ActiveCfg = Debug|Any CPU
		{CFF800CB-5807-4819-A355-300B42E75274}.Debug|Any CPU.Build.0 = Debug|Any CPU
		{CFF800CB-5807-4819-A355-300B42E75274}.Release|Any CPU.ActiveCfg = Release|Any CPU
		{CFF800CB-5807-4819-A355-300B42E75274}.Release|Any CPU.Build.0 = Release|Any CPU
		{3B3B918E-E943-4589-B5B6-E496F6092DD3}.Debug|Any CPU.ActiveCfg = Debug|Any CPU
		{3B3B918E-E943-4589-B5B6-E496F6092DD3}.Debug|Any CPU.Build.0 = Debug|Any CPU
		{3B3B918E-E943-4589-B5B6-E496F6092DD3}.Release|Any CPU.ActiveCfg = Release|Any CPU
		{3B3B918E-E943-4589-B5B6-E496F6092DD3}.Release|Any CPU.Build.0 = Release|Any CPU
		{A9FACC3F-2B9A-4F3C-B80C-D2A7802C7B22}.Debug|Any CPU.ActiveCfg = Debug|Any CPU
		{A9FACC3F-2B9A-4F3C-B80C-D2A7802C7B22}.Debug|Any CPU.Build.0 = Debug|Any CPU
		{A9FACC3F-2B9A-4F3C-B80C-D2A7802C7B22}.Release|Any CPU.ActiveCfg = Release|Any CPU
		{A9FACC3F-2B9A-4F3C-B80C-D2A7802C7B22}.Release|Any CPU.Build.0 = Release|Any CPU
	EndGlobalSection
	GlobalSection(SolutionProperties) = preSolution
		HideSolutionNode = FALSE
	EndGlobalSection
	GlobalSection(ExtensibilityGlobals) = postSolution
		SolutionGuid = {259C4F3A-BD54-4665-9122-BA5CBCAB8292}
	EndGlobalSection
EndGlobal
